
Microsoft Visual Studio Solution File, Format Version 12.00
# Visual Studio Version 17
VisualStudioVersion = 17.9.34714.143
MinimumVisualStudioVersion = 10.0.40219.1
Project("{FAE04EC0-301F-11D3-BF4B-00C04F79EFBC}") = "switchcasenesne", "switchcasenesne\switchcasenesne.csproj", "{A550E526-AD65-48F7-AA72-39E4E9917381}"
EndProject
Global
	GlobalSection(SolutionConfigurationPlatforms) = preSolution
		Debug|Any CPU = Debug|Any CPU
		Release|Any CPU = Release|Any CPU
	EndGlobalSection
	GlobalSection(ProjectConfigurationPlatforms) = postSolution
		{A550E526-AD65-48F7-AA72-39E4E9917381}.Debug|Any CPU.ActiveCfg = Debug|Any CPU
		{A550E526-AD65-48F7-AA72-39E4E9917381}.Debug|Any CPU.Build.0 = Debug|Any CPU
		{A550E526-AD65-48F7-AA72-39E4E9917381}.Release|Any CPU.ActiveCfg = Release|Any CPU
		{A550E526-AD65-48F7-AA72-39E4E9917381}.Release|Any CPU.Build.0 = Release|Any CPU
	EndGlobalSection
	GlobalSection(SolutionProperties) = preSolution
		HideSolutionNode = FALSE
	EndGlobalSection
	GlobalSection(ExtensibilityGlobals) = postSolution
		SolutionGuid = {FCF75631-24B4-4EAD-A9BA-EAFD1532A847}
	EndGlobalSection
EndGlobal
